{
  "name": "pymote_renderer",
  "version": "0.1.0",
  "lockfileVersion": 1,
  "requires": true,
  "dependencies": {
    "@babel/runtime": {
      "version": "7.0.0-rc.1",
      "resolved": "https://registry.npmjs.org/@babel/runtime/-/runtime-7.0.0-rc.1.tgz",
      "integrity": "sha512-Nifv2kwP/nwR39cAOasNxzjYfpeuf/ZbZNtQz5eYxWTC9yHARU9wItFnAwz1GTZ62MU+AtSjzZPMbLK5Q9hmbg==",
      "requires": {
        "regenerator-runtime": "0.12.1"
      },
      "dependencies": {
        "regenerator-runtime": {
          "version": "0.12.1",
          "resolved": "https://registry.npmjs.org/regenerator-runtime/-/regenerator-runtime-0.12.1.tgz",
          "integrity": "sha512-odxIc1/vDlo4iZcfXqRYFj0vpXFNoGdKMAUieAlFYO6m/nl5e9KR/beGf41z4a1FI+aQgtjhuaSlDxQ0hmkrHg=="
        }
      }
    },
    "@jupyterlab/rendermime-interfaces": {
      "version": "1.1.7",
      "resolved": "https://registry.npmjs.org/@jupyterlab/rendermime-interfaces/-/rendermime-interfaces-1.1.7.tgz",
      "integrity": "sha512-ibDbZArLEOp9QXN7Un97MIbpa3y1gBH69ce6OuH//uD62enIwzTYEVNroQRG9gJ7wOcBScvy+rQuTqmm4yoGtw==",
      "requires": {
        "@phosphor/coreutils": "1.3.0",
        "@phosphor/widgets": "1.6.0"
      }
    },
    "@phosphor/algorithm": {
      "version": "1.1.2",
      "resolved": "https://registry.npmjs.org/@phosphor/algorithm/-/algorithm-1.1.2.tgz",
      "integrity": "sha1-/R3pEEyafzTpKGRYbd8ufy53eeg="
    },
    "@phosphor/collections": {
      "version": "1.1.2",
      "resolved": "https://registry.npmjs.org/@phosphor/collections/-/collections-1.1.2.tgz",
      "integrity": "sha1-xMC4uREpkF+zap8kPy273kYtq40=",
      "requires": {
        "@phosphor/algorithm": "1.1.2"
      }
    },
    "@phosphor/commands": {
      "version": "1.6.1",
      "resolved": "https://registry.npmjs.org/@phosphor/commands/-/commands-1.6.1.tgz",
      "integrity": "sha512-iRgn7QX64e0VwZ91KFo964a/LVpw9XtiYIYtpymEyKY757NXvx6ZZMt1CqKfntoDcSZJeVte4eV8jJWhZoVlDA==",
      "requires": {
        "@phosphor/algorithm": "1.1.2",
        "@phosphor/coreutils": "1.3.0",
        "@phosphor/disposable": "1.1.2",
        "@phosphor/domutils": "1.1.2",
        "@phosphor/keyboard": "1.1.2",
        "@phosphor/signaling": "1.2.2"
      }
    },
    "@phosphor/coreutils": {
      "version": "1.3.0",
      "resolved": "https://registry.npmjs.org/@phosphor/coreutils/-/coreutils-1.3.0.tgz",
      "integrity": "sha1-YyktOBwBLFqw0Blug87YKbfgSkI="
    },
    "@phosphor/disposable": {
      "version": "1.1.2",
      "resolved": "https://registry.npmjs.org/@phosphor/disposable/-/disposable-1.1.2.tgz",
      "integrity": "sha1-oZLdai5sadXQnTns8zTauTd4Bg4=",
      "requires": {
        "@phosphor/algorithm": "1.1.2"
      }
    },
    "@phosphor/domutils": {
      "version": "1.1.2",
      "resolved": "https://registry.npmjs.org/@phosphor/domutils/-/domutils-1.1.2.tgz",
      "integrity": "sha1-4u/rBS85jEK5O4npurJq8VzABRQ="
    },
    "@phosphor/dragdrop": {
      "version": "1.3.0",
      "resolved": "https://registry.npmjs.org/@phosphor/dragdrop/-/dragdrop-1.3.0.tgz",
      "integrity": "sha1-fOatOdbKIW1ipW94EE0Cp3rmcwc=",
      "requires": {
        "@phosphor/coreutils": "1.3.0",
        "@phosphor/disposable": "1.1.2"
      }
    },
    "@phosphor/keyboard": {
      "version": "1.1.2",
      "resolved": "https://registry.npmjs.org/@phosphor/keyboard/-/keyboard-1.1.2.tgz",
      "integrity": "sha1-PjIjRFF2QkCpjhSANNWoeXQi3R8="
    },
    "@phosphor/messaging": {
      "version": "1.2.2",
      "resolved": "https://registry.npmjs.org/@phosphor/messaging/-/messaging-1.2.2.tgz",
      "integrity": "sha1-fYlt3TeXuUo0dwje0T2leD23XBQ=",
      "requires": {
        "@phosphor/algorithm": "1.1.2",
        "@phosphor/collections": "1.1.2"
      }
    },
    "@phosphor/properties": {
      "version": "1.1.2",
      "resolved": "https://registry.npmjs.org/@phosphor/properties/-/properties-1.1.2.tgz",
      "integrity": "sha1-eMx37/RSg52gIlXeSOgUlGzAmig="
    },
    "@phosphor/signaling": {
      "version": "1.2.2",
      "resolved": "https://registry.npmjs.org/@phosphor/signaling/-/signaling-1.2.2.tgz",
      "integrity": "sha1-P8+Xyojji/s1f+j+a/dRM0elFKk=",
      "requires": {
        "@phosphor/algorithm": "1.1.2"
      }
    },
    "@phosphor/virtualdom": {
      "version": "1.1.2",
      "resolved": "https://registry.npmjs.org/@phosphor/virtualdom/-/virtualdom-1.1.2.tgz",
      "integrity": "sha1-zlXIbu8x5dDiax3JbqMr1oRFj0E=",
      "requires": {
        "@phosphor/algorithm": "1.1.2"
      }
    },
    "@phosphor/widgets": {
      "version": "1.6.0",
      "resolved": "https://registry.npmjs.org/@phosphor/widgets/-/widgets-1.6.0.tgz",
      "integrity": "sha512-HqVckVF8rJ15ss0Zf/q0AJ69ZKNFOO26qtNKAdGZ9SmmkSMf73X6pB0R3Fj5+Y4Sjl8ezIIKG6mXj+DxOofnwA==",
      "requires": {
        "@phosphor/algorithm": "1.1.2",
        "@phosphor/commands": "1.6.1",
        "@phosphor/coreutils": "1.3.0",
        "@phosphor/disposable": "1.1.2",
        "@phosphor/domutils": "1.1.2",
        "@phosphor/dragdrop": "1.3.0",
        "@phosphor/keyboard": "1.1.2",
        "@phosphor/messaging": "1.2.2",
        "@phosphor/properties": "1.1.2",
        "@phosphor/signaling": "1.2.2",
        "@phosphor/virtualdom": "1.1.2"
      }
    },
    "@types/material-ui": {
      "version": "0.21.5",
      "resolved": "https://registry.npmjs.org/@types/material-ui/-/material-ui-0.21.5.tgz",
      "integrity": "sha512-TfS3WQEsu4oCJC/+qOTf2t5UjthxsE4LKWnY0yR8+2G+TJ9zO+2dlkH5b5uEIX7ftJM7vn/ZqihZCYCTKNjDCg==",
      "requires": {
        "@types/react": "16.4.13",
        "@types/react-addons-linked-state-mixin": "0.14.20"
      }
    },
    "@types/node": {
      "version": "10.9.4",
      "resolved": "https://registry.npmjs.org/@types/node/-/node-10.9.4.tgz",
      "integrity": "sha512-fCHV45gS+m3hH17zgkgADUSi2RR1Vht6wOZ0jyHP8rjiQra9f+mIcgwPQHllmDocYOstIEbKlxbFDYlgrTPYqw=="
    },
    "@types/prop-types": {
      "version": "15.5.5",
      "resolved": "https://registry.npmjs.org/@types/prop-types/-/prop-types-15.5.5.tgz",
      "integrity": "sha512-mOrlCEdwX3seT3n0AXNt4KNPAZZxcsABUHwBgFXOt+nvFUXkxCAO6UBJHPrDxWEa2KDMil86355fjo8jbZ+K0Q==",
      "requires": {
        "@types/react": "16.4.13"
      }
    },
    "@types/react": {
      "version": "16.4.13",
      "resolved": "https://registry.npmjs.org/@types/react/-/react-16.4.13.tgz",
      "integrity": "sha512-a2Z7UmwnAzZ23bTHV6on141S8vvSC7MEJGG85R5/VG80ybzkt5QJqNzlaJ0Y6OX1dncrXFW8B0vWPIx7QuOUqA==",
      "requires": {
        "@types/prop-types": "15.5.5",
        "csstype": "2.5.6"
      }
    },
    "@types/react-addons-linked-state-mixin": {
      "version": "0.14.20",
      "resolved": "https://registry.npmjs.org/@types/react-addons-linked-state-mixin/-/react-addons-linked-state-mixin-0.14.20.tgz",
      "integrity": "sha512-17M8ymjR/vvyaQnLNuLSQipxtUrxaIq19phbWKKz1drIXeVQx+AnqMVVVIClno/gPheJWcLVCbf+yXXbbRalIg==",
      "requires": {
        "@types/react": "16.4.13"
      }
    },
    "@types/react-dom": {
      "version": "16.0.7",
      "resolved": "https://registry.npmjs.org/@types/react-dom/-/react-dom-16.0.7.tgz",
      "integrity": "sha512-vaq4vMaJOaNgFff1t3LnHYr6vRa09vRspMkmLdXtFZmO1fwDI2snP+dpOkwrtlU8UC8qsqemCu4RmVM2OLq/fA==",
      "requires": {
        "@types/node": "10.9.4",
        "@types/react": "16.4.13"
      }
    },
    "asap": {
      "version": "2.0.6",
      "resolved": "https://registry.npmjs.org/asap/-/asap-2.0.6.tgz",
      "integrity": "sha1-5QNHYR1+aQlDIIu9r+vLwvuGbUY="
    },
    "babel-runtime": {
      "version": "6.26.0",
      "resolved": "https://registry.npmjs.org/babel-runtime/-/babel-runtime-6.26.0.tgz",
      "integrity": "sha1-llxwWGaOgrVde/4E/yM3vItWR/4=",
      "requires": {
        "core-js": "2.5.7",
        "regenerator-runtime": "0.11.1"
      }
    },
    "balanced-match": {
      "version": "1.0.0",
      "resolved": "https://registry.npmjs.org/balanced-match/-/balanced-match-1.0.0.tgz",
      "integrity": "sha1-ibTRmasr7kneFk6gK4nORi1xt2c=",
      "dev": true
    },
    "bowser": {
      "version": "1.9.4",
      "resolved": "https://registry.npmjs.org/bowser/-/bowser-1.9.4.tgz",
      "integrity": "sha512-9IdMmj2KjigRq6oWhmwv1W36pDuA4STQZ8q6YO9um+x07xgYNCD3Oou+WP/3L1HNz7iqythGet3/p4wvc8AAwQ=="
    },
    "brace-expansion": {
      "version": "1.1.11",
      "resolved": "https://registry.npmjs.org/brace-expansion/-/brace-expansion-1.1.11.tgz",
      "integrity": "sha512-iCuPHDFgrHX7H2vEI/5xpz07zSHB00TpugqhmYtVmMO6518mCuRMoOYFldEBl0g187ufozdaHgWKcYFb61qGiA==",
      "dev": true,
      "requires": {
        "balanced-match": "1.0.0",
        "concat-map": "0.0.1"
      }
    },
    "chain-function": {
      "version": "1.0.1",
      "resolved": "https://registry.npmjs.org/chain-function/-/chain-function-1.0.1.tgz",
      "integrity": "sha512-SxltgMwL9uCko5/ZCLiyG2B7R9fY4pDZUw7hJ4MhirdjBLosoDqkWABi3XMucddHdLiFJMb7PD2MZifZriuMTg=="
    },
    "change-emitter": {
      "version": "0.1.6",
      "resolved": "https://registry.npmjs.org/change-emitter/-/change-emitter-0.1.6.tgz",
      "integrity": "sha1-6LL+PX8at9aaMhma/5HqaTFAlRU="
    },
    "concat-map": {
      "version": "0.0.1",
      "resolved": "https://registry.npmjs.org/concat-map/-/concat-map-0.0.1.tgz",
      "integrity": "sha1-2Klr13/Wjfd5OnMDajug1UBdR3s=",
      "dev": true
    },
    "core-js": {
      "version": "2.5.7",
      "resolved": "https://registry.npmjs.org/core-js/-/core-js-2.5.7.tgz",
      "integrity": "sha512-RszJCAxg/PP6uzXVXL6BsxSXx/B05oJAQ2vkJRjyjrEcNVycaqOmNb5OTxZPE3xa5gwZduqza6L9JOCenh/Ecw=="
    },
    "css-in-js-utils": {
      "version": "2.0.1",
      "resolved": "https://registry.npmjs.org/css-in-js-utils/-/css-in-js-utils-2.0.1.tgz",
      "integrity": "sha512-PJF0SpJT+WdbVVt0AOYp9C8GnuruRlL/UFW7932nLWmFLQTaWEzTBQEx7/hn4BuV+WON75iAViSUJLiU3PKbpA==",
      "requires": {
        "hyphenate-style-name": "1.0.2",
        "isobject": "3.0.1"
      }
    },
    "csstype": {
      "version": "2.5.6",
      "resolved": "https://registry.npmjs.org/csstype/-/csstype-2.5.6.tgz",
      "integrity": "sha512-tKPyhy0FmfYD2KQYXD5GzkvAYLYj96cMLXr648CKGd3wBe0QqoPipImjGiLze9c8leJK8J3n7ap90tpk3E6HGQ=="
    },
    "dom-helpers": {
      "version": "3.3.1",
      "resolved": "https://registry.npmjs.org/dom-helpers/-/dom-helpers-3.3.1.tgz",
      "integrity": "sha512-2Sm+JaYn74OiTM2wHvxJOo3roiq/h25Yi69Fqk269cNUwIXsCvATB6CRSFC9Am/20G2b28hGv/+7NiWydIrPvg=="
    },
    "encoding": {
      "version": "0.1.12",
      "resolved": "https://registry.npmjs.org/encoding/-/encoding-0.1.12.tgz",
      "integrity": "sha1-U4tm8+5izRq1HsMjgp0flIDHS+s=",
      "requires": {
        "iconv-lite": "0.4.24"
      }
    },
    "fbjs": {
      "version": "0.8.17",
      "resolved": "https://registry.npmjs.org/fbjs/-/fbjs-0.8.17.tgz",
      "integrity": "sha1-xNWY6taUkRJlPWWIsBpc3Nn5D90=",
      "requires": {
        "core-js": "1.2.7",
        "isomorphic-fetch": "2.2.1",
        "loose-envify": "1.4.0",
        "object-assign": "4.1.1",
        "promise": "7.3.1",
        "setimmediate": "1.0.5",
        "ua-parser-js": "0.7.18"
      },
      "dependencies": {
        "core-js": {
          "version": "1.2.7",
          "resolved": "https://registry.npmjs.org/core-js/-/core-js-1.2.7.tgz",
          "integrity": "sha1-ZSKUwUZR2yj6k70tX/KYOk8IxjY="
        }
      }
    },
    "fs.realpath": {
      "version": "1.0.0",
      "resolved": "https://registry.npmjs.org/fs.realpath/-/fs.realpath-1.0.0.tgz",
      "integrity": "sha1-FQStJSMVjKpA20onh8sBQRmU6k8=",
      "dev": true
    },
    "glob": {
      "version": "7.1.3",
      "resolved": "https://registry.npmjs.org/glob/-/glob-7.1.3.tgz",
      "integrity": "sha512-vcfuiIxogLV4DlGBHIUOwI0IbrJ8HWPc4MU7HzviGeNho/UJDfi6B5p3sHeWIQ0KGIU0Jpxi5ZHxemQfLkkAwQ==",
      "dev": true,
      "requires": {
        "fs.realpath": "1.0.0",
        "inflight": "1.0.6",
        "inherits": "2.0.3",
        "minimatch": "3.0.4",
        "once": "1.4.0",
        "path-is-absolute": "1.0.1"
      }
    },
    "hoist-non-react-statics": {
      "version": "2.5.5",
      "resolved": "https://registry.npmjs.org/hoist-non-react-statics/-/hoist-non-react-statics-2.5.5.tgz",
      "integrity": "sha512-rqcy4pJo55FTTLWt+bU8ukscqHeE/e9KWvsOW2b/a3afxQZhwkQdT1rPPCJ0rYXdj4vNcasY8zHTH+jF/qStxw=="
    },
    "hyphenate-style-name": {
      "version": "1.0.2",
      "resolved": "https://registry.npmjs.org/hyphenate-style-name/-/hyphenate-style-name-1.0.2.tgz",
      "integrity": "sha1-MRYKNpMK2vH8BMYHT360FGXU7Es="
    },
    "iconv-lite": {
      "version": "0.4.24",
      "resolved": "https://registry.npmjs.org/iconv-lite/-/iconv-lite-0.4.24.tgz",
      "integrity": "sha512-v3MXnZAcvnywkTUEZomIActle7RXXeedOR31wwl7VlyoXO4Qi9arvSenNQWne1TcRwhCL1HwLI21bEqdpj8/rA==",
      "requires": {
        "safer-buffer": "2.1.2"
      }
    },
    "inflight": {
      "version": "1.0.6",
      "resolved": "https://registry.npmjs.org/inflight/-/inflight-1.0.6.tgz",
      "integrity": "sha1-Sb1jMdfQLQwJvJEKEHW6gWW1bfk=",
      "dev": true,
      "requires": {
        "once": "1.4.0",
        "wrappy": "1.0.2"
      }
    },
    "inherits": {
      "version": "2.0.3",
      "resolved": "https://registry.npmjs.org/inherits/-/inherits-2.0.3.tgz",
      "integrity": "sha1-Yzwsg+PaQqUC9SRmAiSA9CCCYd4=",
      "dev": true
    },
    "inline-style-prefixer": {
      "version": "3.0.8",
      "resolved": "https://registry.npmjs.org/inline-style-prefixer/-/inline-style-prefixer-3.0.8.tgz",
      "integrity": "sha1-hVG45bTVcyROZqNLBPfTIHaitTQ=",
      "requires": {
        "bowser": "1.9.4",
        "css-in-js-utils": "2.0.1"
      }
    },
    "is-stream": {
      "version": "1.1.0",
      "resolved": "https://registry.npmjs.org/is-stream/-/is-stream-1.1.0.tgz",
      "integrity": "sha1-EtSj3U5o4Lec6428hBc66A2RykQ="
    },
    "isobject": {
      "version": "3.0.1",
      "resolved": "https://registry.npmjs.org/isobject/-/isobject-3.0.1.tgz",
      "integrity": "sha1-TkMekrEalzFjaqH5yNHMvP2reN8="
    },
    "isomorphic-fetch": {
      "version": "2.2.1",
      "resolved": "https://registry.npmjs.org/isomorphic-fetch/-/isomorphic-fetch-2.2.1.tgz",
      "integrity": "sha1-YRrhrPFPXoH3KVB0coGf6XM1WKk=",
      "requires": {
        "node-fetch": "1.7.3",
        "whatwg-fetch": "2.0.4"
      }
    },
    "js-tokens": {
      "version": "4.0.0",
      "resolved": "https://registry.npmjs.org/js-tokens/-/js-tokens-4.0.0.tgz",
      "integrity": "sha512-RdJUflcE3cUzKiMqQgsCu06FPu9UdIJO0beYbPhHN4k6apgJtifcoCtT9bcxOpYBtpD2kCM6Sbzg4CausW/PKQ=="
    },
    "keycode": {
      "version": "2.2.0",
      "resolved": "https://registry.npmjs.org/keycode/-/keycode-2.2.0.tgz",
      "integrity": "sha1-PQr1bce4uOXLqNCpfxByBO7CKwQ="
    },
    "konva": {
      "version": "2.3.0",
      "resolved": "https://registry.npmjs.org/konva/-/konva-2.3.0.tgz",
      "integrity": "sha512-DkW5TOGGfKA1W6wBcIxMXBZMVLF9dgoIxjG03cNOFfyPCTYrJL4X1pQmRR3abbocJZK/UVKAPGYWr7+M1sizDA=="
    },
    "lodash.merge": {
      "version": "4.6.1",
      "resolved": "https://registry.npmjs.org/lodash.merge/-/lodash.merge-4.6.1.tgz",
      "integrity": "sha512-AOYza4+Hf5z1/0Hztxpm2/xiPZgi/cjMqdnKTUWTBSKchJlxXXuUSxCCl8rJlf4g6yww/j6mA8nC8Hw/EZWxKQ=="
    },
    "lodash.throttle": {
      "version": "4.1.1",
      "resolved": "https://registry.npmjs.org/lodash.throttle/-/lodash.throttle-4.1.1.tgz",
      "integrity": "sha1-wj6RtxAkKscMN/HhzaknTMOb8vQ="
    },
    "loose-envify": {
      "version": "1.4.0",
      "resolved": "https://registry.npmjs.org/loose-envify/-/loose-envify-1.4.0.tgz",
      "integrity": "sha512-lyuxPGr/Wfhrlem2CL/UcnUc1zcqKAImBDzukY7Y5F/yQiNdko6+fRLevlw1HgMySw7f611UIY408EtxRSoK3Q==",
      "requires": {
        "js-tokens": "4.0.0"
      }
    },
    "material-ui": {
      "version": "0.20.2",
      "resolved": "https://registry.npmjs.org/material-ui/-/material-ui-0.20.2.tgz",
      "integrity": "sha512-VeqgQkdvtK193w+FFvXDEwlVxI4rWk83eWbpYLeOIHDPWr3rbB9B075JRnJt/8IsI2X8q5Aia5W3+7m4KkleDg==",
      "requires": {
        "babel-runtime": "6.26.0",
        "inline-style-prefixer": "3.0.8",
        "keycode": "2.2.0",
        "lodash.merge": "4.6.1",
        "lodash.throttle": "4.1.1",
        "prop-types": "15.6.2",
        "react-event-listener": "0.6.3",
        "react-transition-group": "1.2.1",
        "recompose": "0.26.0",
        "simple-assign": "0.1.0",
        "warning": "3.0.0"
      }
    },
    "minimatch": {
      "version": "3.0.4",
      "resolved": "https://registry.npmjs.org/minimatch/-/minimatch-3.0.4.tgz",
      "integrity": "sha512-yJHVQEhyqPLUTgt9B83PXu6W3rx4MvvHvSUvToogpwoGDOUQ+yDrR0HRot+yOCdCO7u4hX3pWft6kWBBcqh0UA==",
      "dev": true,
      "requires": {
        "brace-expansion": "1.1.11"
      }
    },
    "node-fetch": {
      "version": "1.7.3",
      "resolved": "https://registry.npmjs.org/node-fetch/-/node-fetch-1.7.3.tgz",
      "integrity": "sha512-NhZ4CsKx7cYm2vSrBAr2PvFOe6sWDf0UYLRqA6svUYg7+/TSfVAu49jYC4BvQ4Sms9SZgdqGBgroqfDhJdTyKQ==",
      "requires": {
        "encoding": "0.1.12",
        "is-stream": "1.1.0"
      }
    },
    "object-assign": {
      "version": "4.1.1",
      "resolved": "https://registry.npmjs.org/object-assign/-/object-assign-4.1.1.tgz",
      "integrity": "sha1-IQmtx5ZYh8/AXLvUQsrIv7s2CGM="
    },
    "once": {
      "version": "1.4.0",
      "resolved": "https://registry.npmjs.org/once/-/once-1.4.0.tgz",
      "integrity": "sha1-WDsap3WWHUsROsF9nFC6753Xa9E=",
      "dev": true,
      "requires": {
        "wrappy": "1.0.2"
      }
    },
    "path-is-absolute": {
      "version": "1.0.1",
      "resolved": "https://registry.npmjs.org/path-is-absolute/-/path-is-absolute-1.0.1.tgz",
      "integrity": "sha1-F0uSaHNVNP+8es5r9TpanhtcX18=",
      "dev": true
    },
    "promise": {
      "version": "7.3.1",
      "resolved": "https://registry.npmjs.org/promise/-/promise-7.3.1.tgz",
      "integrity": "sha512-nolQXZ/4L+bP/UGlkfaIujX9BKxGwmQ9OT4mOt5yvy8iK1h3wqTEJCijzGANTCCl9nWjY41juyAn2K3Q1hLLTg==",
      "requires": {
        "asap": "2.0.6"
      }
    },
    "prop-types": {
      "version": "15.6.2",
      "resolved": "https://registry.npmjs.org/prop-types/-/prop-types-15.6.2.tgz",
      "integrity": "sha512-3pboPvLiWD7dkI3qf3KbUe6hKFKa52w+AE0VCqECtf+QHAKgOL37tTaNCnuX1nAAQ4ZhyP+kYVKf8rLmJ/feDQ==",
      "requires": {
        "loose-envify": "1.4.0",
        "object-assign": "4.1.1"
      }
    },
    "react": {
      "version": "16.5.0",
      "resolved": "https://registry.npmjs.org/react/-/react-16.5.0.tgz",
      "integrity": "sha512-nw/yB/L51kA9PsAy17T1JrzzGRk+BlFCJwFF7p+pwVxgqwPjYNeZEkkH7LXn9dmflolrYMXLWMTkQ77suKPTNQ==",
      "requires": {
        "loose-envify": "1.4.0",
        "object-assign": "4.1.1",
        "prop-types": "15.6.2",
        "schedule": "0.3.0"
      }
    },
    "react-dom": {
      "version": "16.5.0",
      "resolved": "https://registry.npmjs.org/react-dom/-/react-dom-16.5.0.tgz",
      "integrity": "sha512-qgsQdjFH54pQ1AGLCBKsqjPxib4Pnp+cOsNxGPlkHn5YnsSt43sBvHSif6FheY7NMMS6HPeSJOxXf6ECanjacA==",
      "requires": {
        "loose-envify": "1.4.0",
        "object-assign": "4.1.1",
        "prop-types": "15.6.2",
        "schedule": "0.3.0"
      }
    },
    "react-event-listener": {
      "version": "0.6.3",
      "resolved": "https://registry.npmjs.org/react-event-listener/-/react-event-listener-0.6.3.tgz",
      "integrity": "sha512-21ubz0vpzPL/8YPGkcDs/LFIemxMFPhpXnFKvrm15IA7x/kYzh1Bru3ww/lsZJJ0hCqyhJGjv7Txl/U00Je5SA==",
      "requires": {
        "@babel/runtime": "7.0.0-rc.1",
        "prop-types": "15.6.2",
        "warning": "4.0.2"
      },
      "dependencies": {
        "warning": {
          "version": "4.0.2",
          "resolved": "https://registry.npmjs.org/warning/-/warning-4.0.2.tgz",
          "integrity": "sha512-wbTp09q/9C+jJn4KKJfJfoS6VleK/Dti0yqWSm6KMvJ4MRCXFQNapHuJXutJIrWV0Cf4AhTdeIe4qdKHR1+Hug==",
          "requires": {
            "loose-envify": "1.4.0"
          }
        }
      }
    },
    "react-konva": {
      "version": "1.7.15",
      "resolved": "https://registry.npmjs.org/react-konva/-/react-konva-1.7.15.tgz",
      "integrity": "sha512-Dao+tMyeHe6tNtw2JBgarZeeTnPyLokHI5PpDzxw8vdFMMSBJAYyAkCpvPSQKGIKxaUjzN7FrQ4coWAWzmXVaw==",
      "requires": {
        "fbjs": "0.8.17",
        "react-reconciler": "0.13.0"
      }
    },
    "react-reconciler": {
      "version": "0.13.0",
      "resolved": "https://registry.npmjs.org/react-reconciler/-/react-reconciler-0.13.0.tgz",
      "integrity": "sha512-7e/EEUgYTYy29p2fgcEhNm1I159IKs5Kk+4QW4Y5AwyD8Y4GZ8M03ZhMhRz8gifG8XFks2vbdpRIT5QGfRPYHw==",
      "requires": {
        "loose-envify": "1.4.0",
        "object-assign": "4.1.1",
        "prop-types": "15.6.2",
        "schedule": "0.3.0"
      }
    },
    "react-transition-group": {
      "version": "1.2.1",
      "resolved": "https://registry.npmjs.org/react-transition-group/-/react-transition-group-1.2.1.tgz",
      "integrity": "sha512-CWaL3laCmgAFdxdKbhhps+c0HRGF4c+hdM4H23+FI1QBNUyx/AMeIJGWorehPNSaKnQNOAxL7PQmqMu78CDj3Q==",
      "requires": {
        "chain-function": "1.0.1",
        "dom-helpers": "3.3.1",
        "loose-envify": "1.4.0",
        "prop-types": "15.6.2",
        "warning": "3.0.0"
      }
    },
    "recompose": {
      "version": "0.26.0",
      "resolved": "https://registry.npmjs.org/recompose/-/recompose-0.26.0.tgz",
      "integrity": "sha512-KwOu6ztO0mN5vy3+zDcc45lgnaUoaQse/a5yLVqtzTK13czSWnFGmXbQVmnoMgDkI5POd1EwIKSbjU1V7xdZog==",
      "requires": {
        "change-emitter": "0.1.6",
        "fbjs": "0.8.17",
        "hoist-non-react-statics": "2.5.5",
        "symbol-observable": "1.2.0"
      }
    },
    "regenerator-runtime": {
      "version": "0.11.1",
      "resolved": "https://registry.npmjs.org/regenerator-runtime/-/regenerator-runtime-0.11.1.tgz",
      "integrity": "sha512-MguG95oij0fC3QV3URf4V2SDYGJhJnJGqvIIgdECeODCT98wSWDAJ94SSuVpYQUoTcGUIL6L4yNB7j1DFFHSBg=="
    },
    "rimraf": {
      "version": "2.6.2",
      "resolved": "https://registry.npmjs.org/rimraf/-/rimraf-2.6.2.tgz",
      "integrity": "sha512-lreewLK/BlghmxtfH36YYVg1i8IAce4TI7oao75I1g245+6BctqTVQiBP3YUJ9C6DQOXJmkYR9X9fCLtCOJc5w==",
      "dev": true,
      "requires": {
        "glob": "7.1.3"
      }
    },
    "safer-buffer": {
      "version": "2.1.2",
      "resolved": "https://registry.npmjs.org/safer-buffer/-/safer-buffer-2.1.2.tgz",
      "integrity": "sha512-YZo3K82SD7Riyi0E1EQPojLz7kpepnSQI9IyPbHHg1XXXevb5dJI7tpyN2ADxGcQbHG7vcyRHk0cbwqcQriUtg=="
    },
    "schedule": {
      "version": "0.3.0",
      "resolved": "https://registry.npmjs.org/schedule/-/schedule-0.3.0.tgz",
      "integrity": "sha512-20+1KVo517sR7Nt+bYBN8a+bEJDKLPEx7Ohtts1kX05E4/HY53YUNuhfkVNItmWAnBYHcpG9vsd2/CJxG+aPCQ==",
      "requires": {
        "object-assign": "4.1.1"
      }
    },
    "setimmediate": {
      "version": "1.0.5",
      "resolved": "https://registry.npmjs.org/setimmediate/-/setimmediate-1.0.5.tgz",
      "integrity": "sha1-KQy7Iy4waULX1+qbg3Mqt4VvgoU="
    },
    "simple-assign": {
      "version": "0.1.0",
      "resolved": "https://registry.npmjs.org/simple-assign/-/simple-assign-0.1.0.tgz",
      "integrity": "sha1-F/0wZqXz13OPUDIbsPFMooHMS6o="
    },
    "symbol-observable": {
      "version": "1.2.0",
      "resolved": "https://registry.npmjs.org/symbol-observable/-/symbol-observable-1.2.0.tgz",
      "integrity": "sha512-e900nM8RRtGhlV36KGEU9k65K3mPb1WV70OdjfxlG2EAuM1noi/E/BaW/uMhL7bPEssK8QV57vN3esixjUvcXQ=="
    },
    "typescript": {
      "version": "2.9.2",
      "resolved": "https://registry.npmjs.org/typescript/-/typescript-2.9.2.tgz",
      "integrity": "sha512-Gr4p6nFNaoufRIY4NMdpQRNmgxVIGMs4Fcu/ujdYk3nAZqk7supzBE9idmvfZIlH/Cuj//dvi+019qEue9lV0w==",
      "dev": true
    },
    "ua-parser-js": {
      "version": "0.7.18",
      "resolved": "https://registry.npmjs.org/ua-parser-js/-/ua-parser-js-0.7.18.tgz",
      "integrity": "sha512-LtzwHlVHwFGTptfNSgezHp7WUlwiqb0gA9AALRbKaERfxwJoiX0A73QbTToxteIAuIaFshhgIZfqK8s7clqgnA=="
    },
    "warning": {
      "version": "3.0.0",
      "resolved": "https://registry.npmjs.org/warning/-/warning-3.0.0.tgz",
      "integrity": "sha1-MuU3fLVy3kqwR1O9+IIcAe1gW3w=",
      "requires": {
        "loose-envify": "1.4.0"
      }
    },
    "whatwg-fetch": {
      "version": "2.0.4",
      "resolved": "https://registry.npmjs.org/whatwg-fetch/-/whatwg-fetch-2.0.4.tgz",
      "integrity": "sha512-dcQ1GWpOD/eEQ97k66aiEVpNnapVj90/+R+SXTPYGHpYBBypfKJEQjLrvMZ7YXbKm21gXd4NcuxUTjiv1YtLng=="
    },
    "wrappy": {
      "version": "1.0.2",
      "resolved": "https://registry.npmjs.org/wrappy/-/wrappy-1.0.2.tgz",
      "integrity": "sha1-tSQ9jz7BqjXxNkYFvA0QNuMKtp8=",
      "dev": true
    }
  }
}
